// !$*UTF8*$!
{
	archiveVersion = 1;
	classes = {
	};
	objectVersion = 50;
	objects = {

/* Begin PBXBuildFile section */
		A8472A50212B37650008FB40 /* AppDelegate.swift in Sources */ = {isa = PBXBuildFile; fileRef = A8472A4F212B37650008FB40 /* AppDelegate.swift */; };
		A8472A52212B37650008FB40 /* ViewController.swift in Sources */ = {isa = PBXBuildFile; fileRef = A8472A51212B37650008FB40 /* ViewController.swift */; };
		A8472A55212B37650008FB40 /* Main.storyboard in Resources */ = {isa = PBXBuildFile; fileRef = A8472A53212B37650008FB40 /* Main.storyboard */; };
		A8472A58212B37650008FB40 /* inveseting_take_2.xcdatamodeld in Sources */ = {isa = PBXBuildFile; fileRef = A8472A56212B37650008FB40 /* inveseting_take_2.xcdatamodeld */; };
		A8472A5A212B37660008FB40 /* Assets.xcassets in Resources */ = {isa = PBXBuildFile; fileRef = A8472A59212B37660008FB40 /* Assets.xcassets */; };
		A8472A5D212B37660008FB40 /* LaunchScreen.storyboard in Resources */ = {isa = PBXBuildFile; fileRef = A8472A5B212B37660008FB40 /* LaunchScreen.storyboard */; };
		A8472A65212B38800008FB40 /* stock_portfolio.swift in Sources */ = {isa = PBXBuildFile; fileRef = A8472A64212B38800008FB40 /* stock_portfolio.swift */; };
/* End PBXBuildFile section */

/* Begin PBXFileReference section */
		A8472A4C212B37650008FB40 /* inveseting_take_2.app */ = {isa = PBXFileReference; explicitFileType = wrapper.application; includeInIndex = 0; path = inveseting_take_2.app; sourceTree = BUILT_PRODUCTS_DIR; };
		A8472A4F212B37650008FB40 /* AppDelegate.swift */ = {isa = PBXFileReference; lastKnownFileType = sourcecode.swift; path = AppDelegate.swift; sourceTree = "<group>"; };
		A8472A51212B37650008FB40 /* ViewController.swift */ = {isa = PBXFileReference; lastKnownFileType = sourcecode.swift; path = ViewController.swift; sourceTree = "<group>"; };
		A8472A54212B37650008FB40 /* Base */ = {isa = PBXFileReference; lastKnownFileType = file.storyboard; name = Base; path = Base.lproj/Main.storyboard; sourceTree = "<group>"; };
		A8472A57212B37650008FB40 /* inveseting_take_2.xcdatamodel */ = {isa = PBXFileReference; lastKnownFileType = wrapper.xcdatamodel; path = inveseting_take_2.xcdatamodel; sourceTree = "<group>"; };
		A8472A59212B37660008FB40 /* Assets.xcassets */ = {isa = PBXFileReference; lastKnownFileType = folder.assetcatalog; path = Assets.xcassets; sourceTree = "<group>"; };
		A8472A5C212B37660008FB40 /* Base */ = {isa = PBXFileReference; lastKnownFileType = file.storyboard; name = Base; path = Base.lproj/LaunchScreen.storyboard; sourceTree = "<group>"; };
		A8472A5E212B37660008FB40 /* Info.plist */ = {isa = PBXFileReference; lastKnownFileType = text.plist.xml; path = Info.plist; sourceTree = "<group>"; };
		A8472A64212B38800008FB40 /* stock_portfolio.swift */ = {isa = PBXFileReference; lastKnownFileType = sourcecode.swift; path = stock_portfolio.swift; sourceTree = "<group>"; };
/* End PBXFileReference section */

/* Begin PBXFrameworksBuildPhase section */
		A8472A49212B37650008FB40 /* Frameworks */ = {
			isa = PBXFrameworksBuildPhase;
			buildActionMask = 2147483647;
			files = (
			);
			runOnlyForDeploymentPostprocessing = 0;
		};
/* End PBXFrameworksBuildPhase section */

/* Begin PBXGroup section */
		A8472A43212B37650008FB40 = {
			isa = PBXGroup;
			children = (
				A8472A4E212B37650008FB40 /* inveseting_take_2 */,
				A8472A4D212B37650008FB40 /* Products */,
			);
			sourceTree = "<group>";
		};
		A8472A4D212B37650008FB40 /* Products */ = {
			isa = PBXGroup;
			children = (
				A8472A4C212B37650008FB40 /* inveseting_take_2.app */,
			);
			name = Products;
			sourceTree = "<group>";
		};
		A8472A4E212B37650008FB40 /* inveseting_take_2 */ = {
			isa = PBXGroup;
			children = (
				A8472A4F212B37650008FB40 /* AppDelegate.swift */,
				A8472A51212B37650008FB40 /* ViewController.swift */,
				A8472A64212B38800008FB40 /* stock_portfolio.swift */,
				A8472A53212B37650008FB40 /* Main.storyboard */,
				A8472A59212B37660008FB40 /* Assets.xcassets */,
				A8472A5B212B37660008FB40 /* LaunchScreen.storyboard */,
				A8472A5E212B37660008FB40 /* Info.plist */,
				A8472A56212B37650008FB40 /* inveseting_take_2.xcdatamodeld */,
			);
			path = inveseting_take_2;
			sourceTree = "<group>";
		};
/* End PBXGroup section */

/* Begin PBXNativeTarget section */
		A8472A4B212B37650008FB40 /* inveseting_take_2 */ = {
			isa = PBXNativeTarget;
			buildConfigurationList = A8472A61212B37660008FB40 /* Build configuration list for PBXNativeTarget "inveseting_take_2" */;
			buildPhases = (
				A8472A48212B37650008FB40 /* Sources */,
				A8472A49212B37650008FB40 /* Frameworks */,
				A8472A4A212B37650008FB40 /* Resources */,
			);
			buildRules = (
			);
			dependencies = (
			);
			name = inveseting_take_2;
			productName = inveseting_take_2;
			productReference = A8472A4C212B37650008FB40 /* inveseting_take_2.app */;
			productType = "com.apple.product-type.application";
		};
/* End PBXNativeTarget section */

/* Begin PBXProject section */
		A8472A44212B37650008FB40 /* Project object */ = {
			isa = PBXProject;
			attributes = {
				LastSwiftUpdateCheck = 0940;
				LastUpgradeCheck = 0940;
				ORGANIZATIONNAME = "Brian Bouchard";
				TargetAttributes = {
					A8472A4B212B37650008FB40 = {
						CreatedOnToolsVersion = 9.4.1;
					};
				};
			};
			buildConfigurationList = A8472A47212B37650008FB40 /* Build configuration list for PBXProject "inveseting_take_2" */;
			compatibilityVersion = "Xcode 9.3";
			developmentRegion = en;
			hasScannedForEncodings = 0;
			knownRegions = (
				en,
				Base,
			);
			mainGroup = A8472A43212B37650008FB40;
			productRefGroup = A8472A4D212B37650008FB40 /* Products */;
			projectDirPath = "";
			projectRoot = "";
			targets = (
				A8472A4B212B37650008FB40 /* inveseting_take_2 */,
			);
		};
/* End PBXProject section */

/* Begin PBXResourcesBuildPhase section */
		A8472A4A212B37650008FB40 /* Resources */ = {
			isa = PBXResourcesBuildPhase;
			buildActionMask = 2147483647;
			files = (
				A8472A5D212B37660008FB40 /* LaunchScreen.storyboard in Resources */,
				A8472A5A212B37660008FB40 /* Assets.xcassets in Resources */,
				A8472A55212B37650008FB40 /* Main.storyboard in Resources */,
			);
			runOnlyForDeploymentPostprocessing = 0;
		};
/* End PBXResourcesBuildPhase section */

/* Begin PBXSourcesBuildPhase section */
		A8472A48212B37650008FB40 /* Sources */ = {
			isa = PBXSourcesBuildPhase;
			buildActionMask = 2147483647;
			files = (
				A8472A52212B37650008FB40 /* ViewController.swift in Sources */,
				A8472A65212B38800008FB40 /* stock_portfolio.swift in Sources */,
				A8472A50212B37650008FB40 /* AppDelegate.swift in Sources */,
				A8472A58212B37650008FB40 /* inveseting_take_2.xcdatamodeld in Sources */,
			);
			runOnlyForDeploymentPostprocessing = 0;
		};
/* End PBXSourcesBuildPhase section */

/* Begin PBXVariantGroup section */
		A8472A53212B37650008FB40 /* Main.storyboard */ = {
			isa = PBXVariantGroup;
			children = (
				A8472A54212B37650008FB40 /* Base */,
			);
			name = Main.storyboard;
			sourceTree = "<group>";
		};
		A8472A5B212B37660008FB40 /* LaunchScreen.storyboard */ = {
			isa = PBXVariantGroup;
			children = (
				A8472A5C212B37660008FB40 /* Base */,
			);
			name = LaunchScreen.storyboard;
			sourceTree = "<group>";
		};
/* End PBXVariantGroup section */

/* Begin XCBuildConfiguration section */
		A8472A5F212B37660008FB40 /* Debug */ = {
			isa = XCBuildConfiguration;
			buildSettings = {
				ALWAYS_SEARCH_USER_PATHS = NO;
				CLANG_ANALYZER_NONNULL = YES;
				CLANG_ANALYZER_NUMBER_OBJECT_CONVERSION = YES_AGGRESSIVE;
				CLANG_CXX_LANGUAGE_STANDARD = "gnu++14";
				CLANG_CXX_LIBRARY = "libc++";
				CLANG_ENABLE_MODULES = YES;
				CLANG_ENABLE_OBJC_ARC = YES;
				CLANG_ENABLE_OBJC_WEAK = YES;
				CLANG_WARN_BLOCK_CAPTURE_AUTORELEASING = YES;
				CLANG_WARN_BOOL_CONVERSION = YES;
				CLANG_WARN_COMMA = YES;
				CLANG_WARN_CONSTANT_CONVERSION = YES;
				CLANG_WARN_DEPRECATED_OBJC_IMPLEMENTATIONS = YES;
				CLANG_WARN_DIRECT_OBJC_ISA_USAGE = YES_ERROR;
				CLANG_WARN_DOCUMENTATION_COMMENTS = YES;
				CLANG_WARN_EMPTY_BODY = YES;
				CLANG_WARN_ENUM_CONVERSION = YES;
				CLANG_WARN_INFINITE_RECURSION = YES;
				CLANG_WARN_INT_CONVERSION = YES;
				CLANG_WARN_NON_LITERAL_NULL_CONVERSION = YES;
				CLANG_WARN_OBJC_IMPLICIT_RETAIN_SELF = YES;
				CLANG_WARN_OBJC_LITERAL_CONVERSION = YES;
				CLANG_WARN_OBJC_ROOT_CLASS = YES_ERROR;
				CLANG_WARN_RANGE_LOOP_ANALYSIS = YES;
				CLANG_WARN_STRICT_PROTOTYPES = YES;
				CLANG_WARN_SUSPICIOUS_MOVE = YES;
				CLANG_WARN_UNGUARDED_AVAILABILITY = YES_AGGRESSIVE;
				CLANG_WARN_UNREACHABLE_CODE = YES;
				CLANG_WARN__DUPLICATE_METHOD_MATCH = YES;
				CODE_SIGN_IDENTITY = "iPhone Developer";
				COPY_PHASE_STRIP = NO;
				DEBUG_INFORMATION_FORMAT = dwarf;
				ENABLE_STRICT_OBJC_MSGSEND = YES;
				ENABLE_TESTABILITY = YES;
				GCC_C_LANGUAGE_STANDARD = gnu11;
				GCC_DYNAMIC_NO_PIC = NO;
				GCC_NO_COMMON_BLOCKS = YES;
				GCC_OPTIMIZATION_LEVEL = 0;
				GCC_PREPROCESSOR_DEFINITIONS = (
					"DEBUG=1",
					"$(inherited)",
				);
				GCC_WARN_64_TO_32_BIT_CONVERSION = YES;
				GCC_WARN_ABOUT_RETURN_TYPE = YES_ERROR;
				GCC_WARN_UNDECLARED_SELECTOR = YES;
				GCC_WARN_UNINITIALIZED_AUTOS = YES_AGGRESSIVE;
				GCC_WARN_UNUSED_FUNCTION = YES;
				GCC_WARN_UNUSED_VARIABLE = YES;
				IPHONEOS_DEPLOYMENT_TARGET = 11.4;
				MTL_ENABLE_DEBUG_INFO = YES;
				ONLY_ACTIVE_ARCH = YES;
				SDKROOT = iphoneos;
				SWIFT_ACTIVE_COMPILATION_CONDITIONS = DEBUG;
				SWIFT_OPTIMIZATION_LEVEL = "-Onone";
			};
			name = Debug;
		};
		A8472A60212B37660008FB40 /* Release */ = {
			isa = XCBuildConfiguration;
			buildSettings = {
				ALWAYS_SEARCH_USER_PATHS = NO;
				CLANG_ANALYZER_NONNULL = YES;
				CLANG_ANALYZER_NUMBER_OBJECT_CONVERSION = YES_AGGRESSIVE;
				CLANG_CXX_LANGUAGE_STANDARD = "gnu++14";
				CLANG_CXX_LIBRARY = "libc++";
				CLANG_ENABLE_MODULES = YES;
				CLANG_ENABLE_OBJC_ARC = YES;
				CLANG_ENABLE_OBJC_WEAK = YES;
				CLANG_WARN_BLOCK_CAPTURE_AUTORELEASING = YES;
				CLANG_WARN_BOOL_CONVERSION = YES;
				CLANG_WARN_COMMA = YES;
				CLANG_WARN_CONSTANT_CONVERSION = YES;
				CLANG_WARN_DEPRECATED_OBJC_IMPLEMENTATIONS = YES;
				CLANG_WARN_DIRECT_OBJC_ISA_USAGE = YES_ERROR;
				CLANG_WARN_DOCUMENTATION_COMMENTS = YES;
				CLANG_WARN_EMPTY_BODY = YES;
				CLANG_WARN_ENUM_CONVERSION = YES;
				CLANG_WARN_INFINITE_RECURSION = YES;
				CLANG_WARN_INT_CONVERSION = YES;
				CLANG_WARN_NON_LITERAL_NULL_CONVERSION = YES;
				CLANG_WARN_OBJC_IMPLICIT_RETAIN_SELF = YES;
				CLANG_WARN_OBJC_LITERAL_CONVERSION = YES;
				CLANG_WARN_OBJC_ROOT_CLASS = YES_ERROR;
				CLANG_WARN_RANGE_LOOP_ANALYSIS = YES;
				CLANG_WARN_STRICT_PROTOTYPES = YES;
				CLANG_WARN_SUSPICIOUS_MOVE = YES;
				CLANG_WARN_UNGUARDED_AVAILABILITY = YES_AGGRESSIVE;
				CLANG_WARN_UNREACHABLE_CODE = YES;
				CLANG_WARN__DUPLICATE_METHOD_MATCH = YES;
				CODE_SIGN_IDENTITY = "iPhone Developer";
				COPY_PHASE_STRIP = NO;
				DEBUG_INFORMATION_FORMAT = "dwarf-with-dsym";
				ENABLE_NS_ASSERTIONS = NO;
				ENABLE_STRICT_OBJC_MSGSEND = YES;
				GCC_C_LANGUAGE_STANDARD = gnu11;
				GCC_NO_COMMON_BLOCKS = YES;
				GCC_WARN_64_TO_32_BIT_CONVERSION = YES;
				GCC_WARN_ABOUT_RETURN_TYPE = YES_ERROR;
				GCC_WARN_UNDECLARED_SELECTOR = YES;
				GCC_WARN_UNINITIALIZED_AUTOS = YES_AGGRESSIVE;
				GCC_WARN_UNUSED_FUNCTION = YES;
				GCC_WARN_UNUSED_VARIABLE = YES;
				IPHONEOS_DEPLOYMENT_TARGET = 11.4;
				MTL_ENABLE_DEBUG_INFO = NO;
				SDKROOT = iphoneos;
				SWIFT_COMPILATION_MODE = wholemodule;
				SWIFT_OPTIMIZATION_LEVEL = "-O";
				VALIDATE_PRODUCT = YES;
			};
			name = Release;
		};
		A8472A62212B37660008FB40 /* Debug */ = {
			isa = XCBuildConfiguration;
			buildSettings = {
				ASSETCATALOG_COMPILER_APPICON_NAME = AppIcon;
				CODE_SIGN_STYLE = Automatic;
				INFOPLIST_FILE = inveseting_take_2/Info.plist;
				LD_RUNPATH_SEARCH_PATHS = (
					"$(inherited)",
					"@executable_path/Frameworks",
				);
				PRODUCT_BUNDLE_IDENTIFIER = "Brian-Bouchard.inveseting-take-2";
				PRODUCT_NAME = "$(TARGET_NAME)";
				SWIFT_VERSION = 4.0;
				TARGETED_DEVICE_FAMILY = "1,2";
			};
			name = Debug;
		};
		A8472A63212B37660008FB40 /* Release */ = {
			isa = XCBuildConfiguration;
			buildSettings = {
				ASSETCATALOG_COMPILER_APPICON_NAME = AppIcon;
				CODE_SIGN_STYLE = Automatic;
				INFOPLIST_FILE = inveseting_take_2/Info.plist;
				LD_RUNPATH_SEARCH_PATHS = (
					"$(inherited)",
					"@executable_path/Frameworks",
				);
				PRODUCT_BUNDLE_IDENTIFIER = "Brian-Bouchard.inveseting-take-2";
				PRODUCT_NAME = "$(TARGET_NAME)";
				SWIFT_VERSION = 4.0;
				TARGETED_DEVICE_FAMILY = "1,2";
			};
			name = Release;
		};
/* End XCBuildConfiguration section */

/* Begin XCConfigurationList section */
		A8472A47212B37650008FB40 /* Build configuration list for PBXProject "inveseting_take_2" */ = {
			isa = XCConfigurationList;
			buildConfigurations = (
				A8472A5F212B37660008FB40 /* Debug */,
				A8472A60212B37660008FB40 /* Release */,
			);
			defaultConfigurationIsVisible = 0;
			defaultConfigurationName = Release;
		};
		A8472A61212B37660008FB40 /* Build configuration list for PBXNativeTarget "inveseting_take_2" */ = {
			isa = XCConfigurationList;
			buildConfigurations = (
				A8472A62212B37660008FB40 /* Debug */,
				A8472A63212B37660008FB40 /* Release */,
			);
			defaultConfigurationIsVisible = 0;
			defaultConfigurationName = Release;
		};
/* End XCConfigurationList section */

/* Begin XCVersionGroup section */
		A8472A56212B37650008FB40 /* inveseting_take_2.xcdatamodeld */ = {
			isa = XCVersionGroup;
			children = (
				A8472A57212B37650008FB40 /* inveseting_take_2.xcdatamodel */,
			);
			currentVersion = A8472A57212B37650008FB40 /* inveseting_take_2.xcdatamodel */;
			path = inveseting_take_2.xcdatamodeld;
			sourceTree = "<group>";
			versionGroupType = wrapper.xcdatamodel;
		};
/* End XCVersionGroup section */
	};
	rootObject = A8472A44212B37650008FB40 /* Project object */;
}
